
Microsoft Visual Studio Solution File, Format Version 12.00
# Visual Studio Version 17
VisualStudioVersion = 17.7.34221.43
MinimumVisualStudioVersion = 10.0.40219.1
Project("{FAE04EC0-301F-11D3-BF4B-00C04F79EFBC}") = "Kaizen", "Kaizen\Kaizen.csproj", "{44CC9D7B-13C0-4B6E-8825-25213F673E5E}"
EndProject
Global
	GlobalSection(SolutionConfigurationPlatforms) = preSolution
		Debug|Any CPU = Debug|Any CPU
		Release|Any CPU = Release|Any CPU
	EndGlobalSection
	GlobalSection(ProjectConfigurationPlatforms) = postSolution
		{44CC9D7B-13C0-4B6E-8825-25213F673E5E}.Debug|Any CPU.ActiveCfg = Debug|Any CPU
		{44CC9D7B-13C0-4B6E-8825-25213F673E5E}.Debug|Any CPU.Build.0 = Debug|Any CPU
		{44CC9D7B-13C0-4B6E-8825-25213F673E5E}.Release|Any CPU.ActiveCfg = Release|Any CPU
		{44CC9D7B-13C0-4B6E-8825-25213F673E5E}.Release|Any CPU.Build.0 = Release|Any CPU
	EndGlobalSection
	GlobalSection(SolutionProperties) = preSolution
		HideSolutionNode = FALSE
	EndGlobalSection
	GlobalSection(ExtensibilityGlobals) = postSolution
		SolutionGuid = {1C02EF57-B378-4F31-8673-9565E480440F}
	EndGlobalSection
EndGlobal
